
Microsoft Visual Studio Solution File, Format Version 12.00
# Visual Studio 15
VisualStudioVersion = 15.0.28010.2019
MinimumVisualStudioVersion = 10.0.40219.1
Project("{FAE04EC0-301F-11D3-BF4B-00C04F79EFBC}") = "MoreWhiteboarding", "MoreWhiteboarding\MoreWhiteboarding.csproj", "{F66DE4F2-73B9-4D70-86EA-7C231148AD82}"
EndProject
Project("{FAE04EC0-301F-11D3-BF4B-00C04F79EFBC}") = "MoreWhiteboarding.Tests", "MoreWhiteboarding.Tests\MoreWhiteboarding.Tests.csproj", "{B2F0E900-465E-4778-AC9C-B834563DCEDA}"
EndProject
Global
	GlobalSection(SolutionConfigurationPlatforms) = preSolution
		Debug|Any CPU = Debug|Any CPU
		Release|Any CPU = Release|Any CPU
	EndGlobalSection
	GlobalSection(ProjectConfigurationPlatforms) = postSolution
		{F66DE4F2-73B9-4D70-86EA-7C231148AD82}.Debug|Any CPU.ActiveCfg = Debug|Any CPU
		{F66DE4F2-73B9-4D70-86EA-7C231148AD82}.Debug|Any CPU.Build.0 = Debug|Any CPU
		{F66DE4F2-73B9-4D70-86EA-7C231148AD82}.Release|Any CPU.ActiveCfg = Release|Any CPU
		{F66DE4F2-73B9-4D70-86EA-7C231148AD82}.Release|Any CPU.Build.0 = Release|Any CPU
		{B2F0E900-465E-4778-AC9C-B834563DCEDA}.Debug|Any CPU.ActiveCfg = Debug|Any CPU
		{B2F0E900-465E-4778-AC9C-B834563DCEDA}.Debug|Any CPU.Build.0 = Debug|Any CPU
		{B2F0E900-465E-4778-AC9C-B834563DCEDA}.Release|Any CPU.ActiveCfg = Release|Any CPU
		{B2F0E900-465E-4778-AC9C-B834563DCEDA}.Release|Any CPU.Build.0 = Release|Any CPU
	EndGlobalSection
	GlobalSection(SolutionProperties) = preSolution
		HideSolutionNode = FALSE
	EndGlobalSection
	GlobalSection(ExtensibilityGlobals) = postSolution
		SolutionGuid = {E8EC2A0A-CE45-4F1F-ABB4-88801626478C}
	EndGlobalSection
EndGlobal
